
Microsoft Visual Studio Solution File, Format Version 12.00
# Visual Studio Version 16
VisualStudioVersion = 16.0.29709.97
MinimumVisualStudioVersion = 10.0.40219.1
Project("{8BC9CEB8-8B4A-11D0-8D11-00A0C91BC942}") = "Street Sweeping", "Street Sweeping.vcxproj", "{699AADDF-62F6-4259-AE18-76F958BAA87A}"
EndProject
Global
	GlobalSection(SolutionConfigurationPlatforms) = preSolution
		Debug|x64 = Debug|x64
		Debug|x86 = Debug|x86
		Release|x64 = Release|x64
		Release|x86 = Release|x86
	EndGlobalSection
	GlobalSection(ProjectConfigurationPlatforms) = postSolution
		{699AADDF-62F6-4259-AE18-76F958BAA87A}.Debug|x64.ActiveCfg = Debug|x64
		{699AADDF-62F6-4259-AE18-76F958BAA87A}.Debug|x64.Build.0 = Debug|x64
		{699AADDF-62F6-4259-AE18-76F958BAA87A}.Debug|x86.ActiveCfg = Debug|Win32
		{699AADDF-62F6-4259-AE18-76F958BAA87A}.Debug|x86.Build.0 = Debug|Win32
		{699AADDF-62F6-4259-AE18-76F958BAA87A}.Release|x64.ActiveCfg = Release|x64
		{699AADDF-62F6-4259-AE18-76F958BAA87A}.Release|x64.Build.0 = Release|x64
		{699AADDF-62F6-4259-AE18-76F958BAA87A}.Release|x86.ActiveCfg = Release|Win32
		{699AADDF-62F6-4259-AE18-76F958BAA87A}.Release|x86.Build.0 = Release|Win32
	EndGlobalSection
	GlobalSection(SolutionProperties) = preSolution
		HideSolutionNode = FALSE
	EndGlobalSection
	GlobalSection(ExtensibilityGlobals) = postSolution
		SolutionGuid = {C33E02D5-4727-410B-BC58-4193F682411E}
	EndGlobalSection
EndGlobal
